
Microsoft Visual Studio Solution File, Format Version 12.00
# Visual Studio Version 17
VisualStudioVersion = 17.0.31912.275
MinimumVisualStudioVersion = 10.0.40219.1
Project("{FAE04EC0-301F-11D3-BF4B-00C04F79EFBC}") = "Project3.Server", "Server\Project3.Server.csproj", "{E392B782-B649-45A1-BE2C-FCDE989C4F05}"
EndProject
Project("{FAE04EC0-301F-11D3-BF4B-00C04F79EFBC}") = "Project3.Client", "Client\Project3.Client.csproj", "{F4E974F2-7BA0-45E7-984F-6F006944DA59}"
EndProject
Project("{FAE04EC0-301F-11D3-BF4B-00C04F79EFBC}") = "Project3.Shared", "Shared\Project3.Shared.csproj", "{31FC6017-6657-444A-BED8-D74D6FF3F573}"
EndProject
Global
	GlobalSection(SolutionConfigurationPlatforms) = preSolution
		Debug|Any CPU = Debug|Any CPU
		Release|Any CPU = Release|Any CPU
	EndGlobalSection
	GlobalSection(ProjectConfigurationPlatforms) = postSolution
		{E392B782-B649-45A1-BE2C-FCDE989C4F05}.Debug|Any CPU.ActiveCfg = Debug|Any CPU
		{E392B782-B649-45A1-BE2C-FCDE989C4F05}.Debug|Any CPU.Build.0 = Debug|Any CPU
		{E392B782-B649-45A1-BE2C-FCDE989C4F05}.Release|Any CPU.ActiveCfg = Release|Any CPU
		{E392B782-B649-45A1-BE2C-FCDE989C4F05}.Release|Any CPU.Build.0 = Release|Any CPU
		{F4E974F2-7BA0-45E7-984F-6F006944DA59}.Debug|Any CPU.ActiveCfg = Debug|Any CPU
		{F4E974F2-7BA0-45E7-984F-6F006944DA59}.Debug|Any CPU.Build.0 = Debug|Any CPU
		{F4E974F2-7BA0-45E7-984F-6F006944DA59}.Release|Any CPU.ActiveCfg = Release|Any CPU
		{F4E974F2-7BA0-45E7-984F-6F006944DA59}.Release|Any CPU.Build.0 = Release|Any CPU
		{31FC6017-6657-444A-BED8-D74D6FF3F573}.Debug|Any CPU.ActiveCfg = Debug|Any CPU
		{31FC6017-6657-444A-BED8-D74D6FF3F573}.Debug|Any CPU.Build.0 = Debug|Any CPU
		{31FC6017-6657-444A-BED8-D74D6FF3F573}.Release|Any CPU.ActiveCfg = Release|Any CPU
		{31FC6017-6657-444A-BED8-D74D6FF3F573}.Release|Any CPU.Build.0 = Release|Any CPU
	EndGlobalSection
	GlobalSection(SolutionProperties) = preSolution
		HideSolutionNode = FALSE
	EndGlobalSection
	GlobalSection(ExtensibilityGlobals) = postSolution
		SolutionGuid = {E35698C2-7422-450F-BF29-99F7C9F0E309}
	EndGlobalSection
EndGlobal
